
Microsoft Visual Studio Solution File, Format Version 12.00
# Visual Studio Version 17
VisualStudioVersion = 17.10.34916.146
MinimumVisualStudioVersion = 10.0.40219.1
Project("{2150E333-8FDC-42A3-9474-1A3956D46DE8}") = "Src", "Src", "{42B01137-5A88-4C7C-A352-F66E0746D961}"
EndProject
Project("{2150E333-8FDC-42A3-9474-1A3956D46DE8}") = "Core", "Core", "{541A0FB8-2503-4EEB-AC6F-59A5B8D18904}"
EndProject
Project("{9A19103F-16F7-4668-BE54-9A1E7A4F7556}") = "Domain", "..\Domain\Domain.csproj", "{ED88BC77-0D69-4E4D-9970-F67A58D02687}"
EndProject
Project("{9A19103F-16F7-4668-BE54-9A1E7A4F7556}") = "Application", "..\Application\Application.csproj", "{4B2BC3B3-6BAF-4CD4-8F67-47F87F4FF41B}"
EndProject
Project("{9A19103F-16F7-4668-BE54-9A1E7A4F7556}") = "Infrastructure", "..\Infrastructure\Infrastructure.csproj", "{84BEB7FD-C2B3-471E-A762-EBEE762096C2}"
EndProject
Project("{9A19103F-16F7-4668-BE54-9A1E7A4F7556}") = "Persistence", "..\Persistence\Persistence.csproj", "{3E2D1FFA-1F01-43C1-B8CB-62D8ACFB2818}"
EndProject
Project("{2150E333-8FDC-42A3-9474-1A3956D46DE8}") = "Presentation", "Presentation", "{C53AFC48-2F09-4DA3-A8A5-C318D6FFA073}"
EndProject
Project("{9A19103F-16F7-4668-BE54-9A1E7A4F7556}") = "Endpoint", "..\Endpoint\Endpoint.csproj", "{7AC512C9-EE1E-456D-B671-37B81B8B19E2}"
EndProject
Project("{9A19103F-16F7-4668-BE54-9A1E7A4F7556}") = "Admin.Endpoint", "Admin.Endpoint\Admin.Endpoint.csproj", "{B48A8912-833B-4619-908C-F088F1CE3CA5}"
EndProject
Project("{2150E333-8FDC-42A3-9474-1A3956D46DE8}") = "Commons", "Commons", "{99808924-F8A3-41D2-847A-2062F65E7F55}"
EndProject
Project("{9A19103F-16F7-4668-BE54-9A1E7A4F7556}") = "Common", "Common\Common.csproj", "{B514D4C8-D22C-4880-9664-322C2CCDECC8}"
EndProject
Project("{9A19103F-16F7-4668-BE54-9A1E7A4F7556}") = "StaticFile.Endpoint", "StaticFile.Endpoint\StaticFile.Endpoint.csproj", "{33CAA892-C56C-46D4-A520-2BC100C464E2}"
EndProject
Global
	GlobalSection(SolutionConfigurationPlatforms) = preSolution
		Debug|Any CPU = Debug|Any CPU
		Release|Any CPU = Release|Any CPU
	EndGlobalSection
	GlobalSection(ProjectConfigurationPlatforms) = postSolution
		{ED88BC77-0D69-4E4D-9970-F67A58D02687}.Debug|Any CPU.ActiveCfg = Debug|Any CPU
		{ED88BC77-0D69-4E4D-9970-F67A58D02687}.Debug|Any CPU.Build.0 = Debug|Any CPU
		{ED88BC77-0D69-4E4D-9970-F67A58D02687}.Release|Any CPU.ActiveCfg = Release|Any CPU
		{ED88BC77-0D69-4E4D-9970-F67A58D02687}.Release|Any CPU.Build.0 = Release|Any CPU
		{4B2BC3B3-6BAF-4CD4-8F67-47F87F4FF41B}.Debug|Any CPU.ActiveCfg = Debug|Any CPU
		{4B2BC3B3-6BAF-4CD4-8F67-47F87F4FF41B}.Debug|Any CPU.Build.0 = Debug|Any CPU
		{4B2BC3B3-6BAF-4CD4-8F67-47F87F4FF41B}.Release|Any CPU.ActiveCfg = Release|Any CPU
		{4B2BC3B3-6BAF-4CD4-8F67-47F87F4FF41B}.Release|Any CPU.Build.0 = Release|Any CPU
		{84BEB7FD-C2B3-471E-A762-EBEE762096C2}.Debug|Any CPU.ActiveCfg = Debug|Any CPU
		{84BEB7FD-C2B3-471E-A762-EBEE762096C2}.Debug|Any CPU.Build.0 = Debug|Any CPU
		{84BEB7FD-C2B3-471E-A762-EBEE762096C2}.Release|Any CPU.ActiveCfg = Release|Any CPU
		{84BEB7FD-C2B3-471E-A762-EBEE762096C2}.Release|Any CPU.Build.0 = Release|Any CPU
		{3E2D1FFA-1F01-43C1-B8CB-62D8ACFB2818}.Debug|Any CPU.ActiveCfg = Debug|Any CPU
		{3E2D1FFA-1F01-43C1-B8CB-62D8ACFB2818}.Debug|Any CPU.Build.0 = Debug|Any CPU
		{3E2D1FFA-1F01-43C1-B8CB-62D8ACFB2818}.Release|Any CPU.ActiveCfg = Release|Any CPU
		{3E2D1FFA-1F01-43C1-B8CB-62D8ACFB2818}.Release|Any CPU.Build.0 = Release|Any CPU
		{7AC512C9-EE1E-456D-B671-37B81B8B19E2}.Debug|Any CPU.ActiveCfg = Debug|Any CPU
		{7AC512C9-EE1E-456D-B671-37B81B8B19E2}.Debug|Any CPU.Build.0 = Debug|Any CPU
		{7AC512C9-EE1E-456D-B671-37B81B8B19E2}.Release|Any CPU.ActiveCfg = Release|Any CPU
		{7AC512C9-EE1E-456D-B671-37B81B8B19E2}.Release|Any CPU.Build.0 = Release|Any CPU
		{B48A8912-833B-4619-908C-F088F1CE3CA5}.Debug|Any CPU.ActiveCfg = Debug|Any CPU
		{B48A8912-833B-4619-908C-F088F1CE3CA5}.Debug|Any CPU.Build.0 = Debug|Any CPU
		{B48A8912-833B-4619-908C-F088F1CE3CA5}.Release|Any CPU.ActiveCfg = Release|Any CPU
		{B48A8912-833B-4619-908C-F088F1CE3CA5}.Release|Any CPU.Build.0 = Release|Any CPU
		{B514D4C8-D22C-4880-9664-322C2CCDECC8}.Debug|Any CPU.ActiveCfg = Debug|Any CPU
		{B514D4C8-D22C-4880-9664-322C2CCDECC8}.Debug|Any CPU.Build.0 = Debug|Any CPU
		{B514D4C8-D22C-4880-9664-322C2CCDECC8}.Release|Any CPU.ActiveCfg = Release|Any CPU
		{B514D4C8-D22C-4880-9664-322C2CCDECC8}.Release|Any CPU.Build.0 = Release|Any CPU
		{33CAA892-C56C-46D4-A520-2BC100C464E2}.Debug|Any CPU.ActiveCfg = Debug|Any CPU
		{33CAA892-C56C-46D4-A520-2BC100C464E2}.Debug|Any CPU.Build.0 = Debug|Any CPU
		{33CAA892-C56C-46D4-A520-2BC100C464E2}.Release|Any CPU.ActiveCfg = Release|Any CPU
		{33CAA892-C56C-46D4-A520-2BC100C464E2}.Release|Any CPU.Build.0 = Release|Any CPU
	EndGlobalSection
	GlobalSection(SolutionProperties) = preSolution
		HideSolutionNode = FALSE
	EndGlobalSection
	GlobalSection(NestedProjects) = preSolution
		{541A0FB8-2503-4EEB-AC6F-59A5B8D18904} = {42B01137-5A88-4C7C-A352-F66E0746D961}
		{ED88BC77-0D69-4E4D-9970-F67A58D02687} = {541A0FB8-2503-4EEB-AC6F-59A5B8D18904}
		{4B2BC3B3-6BAF-4CD4-8F67-47F87F4FF41B} = {541A0FB8-2503-4EEB-AC6F-59A5B8D18904}
		{84BEB7FD-C2B3-471E-A762-EBEE762096C2} = {42B01137-5A88-4C7C-A352-F66E0746D961}
		{3E2D1FFA-1F01-43C1-B8CB-62D8ACFB2818} = {42B01137-5A88-4C7C-A352-F66E0746D961}
		{C53AFC48-2F09-4DA3-A8A5-C318D6FFA073} = {42B01137-5A88-4C7C-A352-F66E0746D961}
		{7AC512C9-EE1E-456D-B671-37B81B8B19E2} = {C53AFC48-2F09-4DA3-A8A5-C318D6FFA073}
		{B48A8912-833B-4619-908C-F088F1CE3CA5} = {C53AFC48-2F09-4DA3-A8A5-C318D6FFA073}
		{99808924-F8A3-41D2-847A-2062F65E7F55} = {42B01137-5A88-4C7C-A352-F66E0746D961}
		{B514D4C8-D22C-4880-9664-322C2CCDECC8} = {99808924-F8A3-41D2-847A-2062F65E7F55}
		{33CAA892-C56C-46D4-A520-2BC100C464E2} = {C53AFC48-2F09-4DA3-A8A5-C318D6FFA073}
	EndGlobalSection
	GlobalSection(ExtensibilityGlobals) = postSolution
		SolutionGuid = {A92D41D7-D8E6-474D-B3FC-52ADA5DFCA63}
	EndGlobalSection
EndGlobal
